
Microsoft Visual Studio Solution File, Format Version 12.00
# Visual Studio 14
VisualStudioVersion = 14.0.25420.1
MinimumVisualStudioVersion = 10.0.40219.1
Project("{FAE04EC0-301F-11D3-BF4B-00C04F79EFBC}") = "Finovex", "Finovex\Finovex.csproj", "{7286CB8E-915D-42F7-9B74-47EFCA35A844}"
EndProject
Project("{FAE04EC0-301F-11D3-BF4B-00C04F79EFBC}") = "Finovex.Tests", "Finovex.Tests\Finovex.Tests.csproj", "{480784A8-4757-499D-BC99-D93F9E763C5A}"
EndProject
Global
	GlobalSection(SolutionConfigurationPlatforms) = preSolution
		Debug|Any CPU = Debug|Any CPU
		Release|Any CPU = Release|Any CPU
	EndGlobalSection
	GlobalSection(ProjectConfigurationPlatforms) = postSolution
		{7286CB8E-915D-42F7-9B74-47EFCA35A844}.Debug|Any CPU.ActiveCfg = Debug|Any CPU
		{7286CB8E-915D-42F7-9B74-47EFCA35A844}.Debug|Any CPU.Build.0 = Debug|Any CPU
		{7286CB8E-915D-42F7-9B74-47EFCA35A844}.Release|Any CPU.ActiveCfg = Release|Any CPU
		{7286CB8E-915D-42F7-9B74-47EFCA35A844}.Release|Any CPU.Build.0 = Release|Any CPU
		{480784A8-4757-499D-BC99-D93F9E763C5A}.Debug|Any CPU.ActiveCfg = Debug|Any CPU
		{480784A8-4757-499D-BC99-D93F9E763C5A}.Debug|Any CPU.Build.0 = Debug|Any CPU
		{480784A8-4757-499D-BC99-D93F9E763C5A}.Release|Any CPU.ActiveCfg = Release|Any CPU
		{480784A8-4757-499D-BC99-D93F9E763C5A}.Release|Any CPU.Build.0 = Release|Any CPU
	EndGlobalSection
	GlobalSection(SolutionProperties) = preSolution
		HideSolutionNode = FALSE
	EndGlobalSection
EndGlobal
